{
    "_readme": [
        "This file locks the dependencies of your project to a known state",
        "Read more about it at https://getcomposer.org/doc/01-basic-usage.md#composer-lock-the-lock-file",
        "This file is @generated automatically"
    ],
    "content-hash": "4db9170882c80301a686d70d98998b8e",
    "packages": [
        {
            "name": "data-values/data-values",
            "version": "1.0.0",
            "source": {
                "type": "git",
                "url": "https://github.com/DataValues/DataValues.git",
                "reference": "de2b9abdbc26c4c393b25aa621619dfe3fc10fdc"
            },
            "dist": {
                "type": "zip",
                "url": "https://api.github.com/repos/DataValues/DataValues/zipball/de2b9abdbc26c4c393b25aa621619dfe3fc10fdc",
                "reference": "de2b9abdbc26c4c393b25aa621619dfe3fc10fdc",
                "shasum": ""
            },
            "require": {
                "php": ">=5.3.0"
            },
            "replace": {
                "mediawiki/data-values": "*"
            },
            "type": "library",
            "extra": {
                "branch-alias": {
                    "dev-master": "1.0.x-dev"
                }
            },
            "autoload": {
                "files": [
                    "DataValues.php"
                ],
                "classmap": [
                    "src/interfaces",
                    "tests/phpunit/DataValueTest.php"
                ],
                "psr-0": {
                    "DataValues\\": "src/"
                }
            },
            "notification-url": "https://packagist.org/downloads/",
            "license": [
                "GPL-2.0+"
            ],
            "authors": [
                {
                    "name": "Jeroen De Dauw",
                    "email": "jeroendedauw@gmail.com",
                    "homepage": "http://jeroendedauw.com",
                    "role": "Developer"
                }
            ],
            "description": "Defines the DataValue interface and some trivial implementations",
            "homepage": "https://github.com/DataValues/DataValues",
            "keywords": [
                "datavalues",
                "wikibase",
                "wikidata"
            ],
            "time": "2014-09-26T07:02:27+00:00"
        },
        {
            "name": "data-values/serialization",
            "version": "1.1.0",
            "source": {
                "type": "git",
                "url": "https://github.com/DataValues/Serialization.git",
                "reference": "4b6d810d86866a3f43dcfecb2e336dfda5de2386"
            },
            "dist": {
                "type": "zip",
                "url": "https://api.github.com/repos/DataValues/Serialization/zipball/4b6d810d86866a3f43dcfecb2e336dfda5de2386",
                "reference": "4b6d810d86866a3f43dcfecb2e336dfda5de2386",
                "shasum": ""
            },
            "require": {
                "data-values/data-values": "~1.0|~0.1",
                "php": ">=5.3.0",
                "serialization/serialization": "~3.0"
            },
            "type": "library",
            "extra": {
                "branch-alias": {
                    "dev-master": "1.1.x-dev"
                }
            },
            "autoload": {
                "psr-4": {
                    "DataValues\\Serializers\\": "src/Serializers",
                    "DataValues\\Deserializers\\": "src/Deserializers"
                }
            },
            "notification-url": "https://packagist.org/downloads/",
            "license": [
                "GPL-2.0+"
            ],
            "authors": [
                {
                    "name": "Jeroen De Dauw",
                    "email": "jeroendedauw@gmail.com",
                    "homepage": "http://jeroendedauw.com",
                    "role": "Developer"
                }
            ],
            "description": "Serializers and deserializers for DataValue implementations",
            "homepage": "https://github.com/DataValues/Serialization",
            "keywords": [
                "datavalues",
                "deserializers",
                "serialization",
                "serializers",
                "wikidata"
            ],
            "time": "2016-05-24T15:11:29+00:00"
        },
        {
            "name": "graphaware/neo4j-bolt",
            "version": "1.8.0",
            "source": {
                "type": "git",
                "url": "https://github.com/graphaware/neo4j-bolt-php.git",
                "reference": "1470f24967a399466edfea49e340df3950bd1c04"
            },
            "dist": {
                "type": "zip",
                "url": "https://api.github.com/repos/graphaware/neo4j-bolt-php/zipball/1470f24967a399466edfea49e340df3950bd1c04",
                "reference": "1470f24967a399466edfea49e340df3950bd1c04",
                "shasum": ""
            },
            "require": {
                "ext-bcmath": "*",
                "ext-mbstring": "*",
                "graphaware/neo4j-common": "^3.0",
                "myclabs/php-enum": "^1.4",
                "php": ">= 5.6",
                "symfony/event-dispatcher": "^2.7|^3.0"
            },
            "require-dev": {
                "behat/behat": "~3.0.4",
                "phpunit/phpunit": "^4.8",
                "symfony/stopwatch": "^2.7"
            },
            "type": "library",
            "autoload": {
                "psr-4": {
                    "GraphAware\\Bolt\\": "src/"
                }
            },
            "notification-url": "https://packagist.org/downloads/",
            "license": [
                "MIT"
            ],
            "authors": [
                {
                    "name": "Christophe Willemsen",
                    "email": "christophe@graphaware.com"
                }
            ],
            "description": "Neo4j Bolt Binary Protocol PHP Driver",
            "time": "2016-10-16T16:42:03+00:00"
        },
        {
            "name": "graphaware/neo4j-common",
            "version": "3.3.0",
            "source": {
                "type": "git",
                "url": "https://github.com/graphaware/neo4j-php-commons.git",
                "reference": "02e7bc40eaaaf3e920c315e64cf6a16653b36a96"
            },
            "dist": {
                "type": "zip",
                "url": "https://api.github.com/repos/graphaware/neo4j-php-commons/zipball/02e7bc40eaaaf3e920c315e64cf6a16653b36a96",
                "reference": "02e7bc40eaaaf3e920c315e64cf6a16653b36a96",
                "shasum": ""
            },
            "require": {
                "myclabs/php-enum": "^1.4"
            },
            "require-dev": {
                "phpunit/phpunit": "^4.0"
            },
            "type": "library",
            "autoload": {
                "psr-4": {
                    "GraphAware\\Common\\": "src/"
                }
            },
            "notification-url": "https://packagist.org/downloads/",
            "license": [
                "ApacheV2"
            ],
            "authors": [
                {
                    "name": "Christophe Willemsen",
                    "email": "christophe@graphaware.com"
                }
            ],
            "description": "Common Utilities library for Neo4j",
            "keywords": [
                "cypher",
                "database",
                "graph",
                "neo4j",
                "statement"
            ],
            "time": "2016-10-16T16:36:13+00:00"
        },
        {
            "name": "graphaware/neo4j-php-client",
            "version": "4.6.4",
            "source": {
                "type": "git",
                "url": "https://github.com/graphaware/neo4j-php-client.git",
                "reference": "8120b988fb15ca9e4ff5ed4faa42b0b0ad0fc65b"
            },
            "dist": {
                "type": "zip",
                "url": "https://api.github.com/repos/graphaware/neo4j-php-client/zipball/8120b988fb15ca9e4ff5ed4faa42b0b0ad0fc65b",
                "reference": "8120b988fb15ca9e4ff5ed4faa42b0b0ad0fc65b",
                "shasum": ""
            },
            "require": {
                "ext-bcmath": "*",
                "ext-mbstring": "*",
                "graphaware/neo4j-bolt": "^1.5",
                "guzzlehttp/guzzle": "^6.0",
                "myclabs/php-enum": "^1.4",
                "php": ">= 5.6",
                "symfony/event-dispatcher": "^2.7|^3.0"
            },
            "require-dev": {
                "phpunit/phpunit": "4.*",
                "symfony/stopwatch": "^3.0"
            },
            "type": "library",
            "autoload": {
                "psr-4": {
                    "GraphAware\\Neo4j\\Client\\": "src/"
                }
            },
            "notification-url": "https://packagist.org/downloads/",
            "license": [
                "MIT"
            ],
            "authors": [
                {
                    "name": "Christophe Willemsen",
                    "email": "christophe@graphaware.com"
                }
            ],
            "description": "Neo4j-PHP-Client is the most advanced PHP Client for Neo4j",
            "homepage": "http://graphaware.com",
            "keywords": [
                "bolt",
                "client",
                "cluster",
                "database",
                "graph",
                "high-availibility",
                "http",
                "neo4j"
            ],
            "time": "2016-12-09T08:57:48+00:00"
        },
        {
            "name": "guzzlehttp/guzzle",
            "version": "6.2.2",
            "source": {
                "type": "git",
                "url": "https://github.com/guzzle/guzzle.git",
                "reference": "ebf29dee597f02f09f4d5bbecc68230ea9b08f60"
            },
            "dist": {
                "type": "zip",
                "url": "https://api.github.com/repos/guzzle/guzzle/zipball/ebf29dee597f02f09f4d5bbecc68230ea9b08f60",
                "reference": "ebf29dee597f02f09f4d5bbecc68230ea9b08f60",
                "shasum": ""
            },
            "require": {
                "guzzlehttp/promises": "^1.0",
                "guzzlehttp/psr7": "^1.3.1",
                "php": ">=5.5"
            },
            "require-dev": {
                "ext-curl": "*",
                "phpunit/phpunit": "^4.0",
                "psr/log": "^1.0"
            },
            "type": "library",
            "extra": {
                "branch-alias": {
                    "dev-master": "6.2-dev"
                }
            },
            "autoload": {
                "files": [
                    "src/functions_include.php"
                ],
                "psr-4": {
                    "GuzzleHttp\\": "src/"
                }
            },
            "notification-url": "https://packagist.org/downloads/",
            "license": [
                "MIT"
            ],
            "authors": [
                {
                    "name": "Michael Dowling",
                    "email": "mtdowling@gmail.com",
                    "homepage": "https://github.com/mtdowling"
                }
            ],
            "description": "Guzzle is a PHP HTTP client library",
            "homepage": "http://guzzlephp.org/",
            "keywords": [
                "client",
                "curl",
                "framework",
                "http",
                "http client",
                "rest",
                "web service"
            ],
            "time": "2016-10-08T15:01:37+00:00"
        },
        {
            "name": "guzzlehttp/promises",
            "version": "v1.3.1",
            "source": {
                "type": "git",
                "url": "https://github.com/guzzle/promises.git",
                "reference": "a59da6cf61d80060647ff4d3eb2c03a2bc694646"
            },
            "dist": {
                "type": "zip",
                "url": "https://api.github.com/repos/guzzle/promises/zipball/a59da6cf61d80060647ff4d3eb2c03a2bc694646",
                "reference": "a59da6cf61d80060647ff4d3eb2c03a2bc694646",
                "shasum": ""
            },
            "require": {
                "php": ">=5.5.0"
            },
            "require-dev": {
                "phpunit/phpunit": "^4.0"
            },
            "type": "library",
            "extra": {
                "branch-alias": {
                    "dev-master": "1.4-dev"
                }
            },
            "autoload": {
                "psr-4": {
                    "GuzzleHttp\\Promise\\": "src/"
                },
                "files": [
                    "src/functions_include.php"
                ]
            },
            "notification-url": "https://packagist.org/downloads/",
            "license": [
                "MIT"
            ],
            "authors": [
                {
                    "name": "Michael Dowling",
                    "email": "mtdowling@gmail.com",
                    "homepage": "https://github.com/mtdowling"
                }
            ],
            "description": "Guzzle promises library",
            "keywords": [
                "promise"
            ],
            "time": "2016-12-20T10:07:11+00:00"
        },
        {
            "name": "guzzlehttp/psr7",
            "version": "1.3.1",
            "source": {
                "type": "git",
                "url": "https://github.com/guzzle/psr7.git",
                "reference": "5c6447c9df362e8f8093bda8f5d8873fe5c7f65b"
            },
            "dist": {
                "type": "zip",
                "url": "https://api.github.com/repos/guzzle/psr7/zipball/5c6447c9df362e8f8093bda8f5d8873fe5c7f65b",
                "reference": "5c6447c9df362e8f8093bda8f5d8873fe5c7f65b",
                "shasum": ""
            },
            "require": {
                "php": ">=5.4.0",
                "psr/http-message": "~1.0"
            },
            "provide": {
                "psr/http-message-implementation": "1.0"
            },
            "require-dev": {
                "phpunit/phpunit": "~4.0"
            },
            "type": "library",
            "extra": {
                "branch-alias": {
                    "dev-master": "1.4-dev"
                }
            },
            "autoload": {
                "psr-4": {
                    "GuzzleHttp\\Psr7\\": "src/"
                },
                "files": [
                    "src/functions_include.php"
                ]
            },
            "notification-url": "https://packagist.org/downloads/",
            "license": [
                "MIT"
            ],
            "authors": [
                {
                    "name": "Michael Dowling",
                    "email": "mtdowling@gmail.com",
                    "homepage": "https://github.com/mtdowling"
                }
            ],
            "description": "PSR-7 message implementation",
            "keywords": [
                "http",
                "message",
                "stream",
                "uri"
            ],
            "time": "2016-06-24T23:00:38+00:00"
        },
        {
            "name": "jeroen/json-dump-reader",
            "version": "1.3.0",
            "source": {
                "type": "git",
                "url": "https://github.com/JeroenDeDauw/JsonDumpReader.git",
                "reference": "c33541fe785ba92877ae08bcd01ad20f7e11e2c4"
            },
            "dist": {
                "type": "zip",
                "url": "https://api.github.com/repos/JeroenDeDauw/JsonDumpReader/zipball/c33541fe785ba92877ae08bcd01ad20f7e11e2c4",
                "reference": "c33541fe785ba92877ae08bcd01ad20f7e11e2c4",
                "shasum": ""
            },
            "require": {
                "jeroen/rewindable-generator": "~1.1",
                "php": ">=5.5.0",
                "wikibase/data-model-serialization": "~1.1|~2.0"
            },
            "require-dev": {
                "data-values/geo": "~1.0",
                "data-values/iri": "~0.1",
                "data-values/number": "~0.1",
                "data-values/time": "~0.6",
                "jeroen/json-dump-data": "~1.0",
                "ockcyp/covers-validator": "~0.2.0",
                "phpmd/phpmd": "~2.3",
                "squizlabs/php_codesniffer": "~2.3",
                "whatthejeff/nyancat-phpunit-resultprinter": "~1.2"
            },
            "type": "library",
            "extra": {
                "branch-alias": {
                    "dev-master": "1.0.x-dev"
                }
            },
            "autoload": {
                "psr-4": {
                    "Wikibase\\JsonDumpReader\\": "src/"
                }
            },
            "notification-url": "https://packagist.org/downloads/",
            "license": [
                "GPL-2.0+"
            ],
            "authors": [
                {
                    "name": "Jeroen De Dauw",
                    "homepage": "http://jeroendedauw.com"
                }
            ],
            "description": "Provides line-by-line readers and iterators for Wikibase/Wikidata JSON dumps",
            "homepage": "https://github.com/JeroenDeDauw/JsonDumpReader",
            "keywords": [
                "bz2",
                "dump",
                "json",
                "wikibase",
                "wikidata"
            ],
            "time": "2015-11-23T00:54:59+00:00"
        },
        {
            "name": "jeroen/rewindable-generator",
            "version": "1.1.1",
            "source": {
                "type": "git",
                "url": "https://github.com/JeroenDeDauw/RewindableGenerator.git",
                "reference": "80f5cfe9a509f0cf42d3556533f321bc9a1e0120"
            },
            "dist": {
                "type": "zip",
                "url": "https://api.github.com/repos/JeroenDeDauw/RewindableGenerator/zipball/80f5cfe9a509f0cf42d3556533f321bc9a1e0120",
                "reference": "80f5cfe9a509f0cf42d3556533f321bc9a1e0120",
                "shasum": ""
            },
            "require": {
                "php": ">=5.5.0"
            },
            "require-dev": {
                "ockcyp/covers-validator": "~0.2.0",
                "phpmd/phpmd": "~2.3",
                "squizlabs/php_codesniffer": "~2.3",
                "whatthejeff/nyancat-phpunit-resultprinter": "~1.2"
            },
            "type": "library",
            "extra": {
                "branch-alias": {
                    "dev-master": "1.1.x-dev"
                }
            },
            "autoload": {
                "classmap": [
                    "src/"
                ]
            },
            "notification-url": "https://packagist.org/downloads/",
            "license": [
                "GPL-2.0+"
            ],
            "authors": [
                {
                    "name": "Jeroen De Dauw",
                    "homepage": "http://jeroendedauw.com"
                }
            ],
            "description": "Provides a simple adapter to make generators rewindable",
            "homepage": "https://github.com/JeroenDeDauw/RewindableGenerator",
            "keywords": [
                "adapter",
                "generator",
                "iterator",
                "rewind",
                "rewindable"
            ],
            "time": "2015-11-08T10:31:38+00:00"
        },
        {
            "name": "myclabs/php-enum",
            "version": "1.5.0",
            "source": {
                "type": "git",
                "url": "https://github.com/myclabs/php-enum.git",
                "reference": "e42fa9d2ae5dd660dbd0fb573d94c61e5a0dbb02"
            },
            "dist": {
                "type": "zip",
                "url": "https://api.github.com/repos/myclabs/php-enum/zipball/e42fa9d2ae5dd660dbd0fb573d94c61e5a0dbb02",
                "reference": "e42fa9d2ae5dd660dbd0fb573d94c61e5a0dbb02",
                "shasum": ""
            },
            "require": {
                "php": ">=5.3"
            },
            "require-dev": {
                "phpunit/phpunit": "4.*",
                "squizlabs/php_codesniffer": "1.*"
            },
            "type": "library",
            "autoload": {
                "psr-4": {
                    "MyCLabs\\Enum\\": "src/"
                }
            },
            "notification-url": "https://packagist.org/downloads/",
            "license": [
                "MIT"
            ],
            "authors": [
                {
                    "name": "PHP Enum contributors",
                    "homepage": "https://github.com/myclabs/php-enum/graphs/contributors"
                }
            ],
            "description": "PHP Enum implementation",
            "homepage": "http://github.com/myclabs/php-enum",
            "keywords": [
                "enum"
            ],
            "time": "2016-10-09T21:43:05+00:00"
        },
        {
            "name": "psr/http-message",
            "version": "1.0.1",
            "source": {
                "type": "git",
                "url": "https://github.com/php-fig/http-message.git",
                "reference": "f6561bf28d520154e4b0ec72be95418abe6d9363"
            },
            "dist": {
                "type": "zip",
                "url": "https://api.github.com/repos/php-fig/http-message/zipball/f6561bf28d520154e4b0ec72be95418abe6d9363",
                "reference": "f6561bf28d520154e4b0ec72be95418abe6d9363",
                "shasum": ""
            },
            "require": {
                "php": ">=5.3.0"
            },
            "type": "library",
            "extra": {
                "branch-alias": {
                    "dev-master": "1.0.x-dev"
                }
            },
            "autoload": {
                "psr-4": {
                    "Psr\\Http\\Message\\": "src/"
                }
            },
            "notification-url": "https://packagist.org/downloads/",
            "license": [
                "MIT"
            ],
            "authors": [
                {
                    "name": "PHP-FIG",
                    "homepage": "http://www.php-fig.org/"
                }
            ],
            "description": "Common interface for HTTP messages",
            "homepage": "https://github.com/php-fig/http-message",
            "keywords": [
                "http",
                "http-message",
                "psr",
                "psr-7",
                "request",
                "response"
            ],
            "time": "2016-08-06T14:39:51+00:00"
        },
        {
            "name": "serialization/serialization",
            "version": "3.2.1",
            "source": {
                "type": "git",
                "url": "https://github.com/wmde/Serialization.git",
                "reference": "8e06ec58c8f52079942c9cb2f30b2260f62dc1f4"
            },
            "dist": {
                "type": "zip",
                "url": "https://api.github.com/repos/wmde/Serialization/zipball/8e06ec58c8f52079942c9cb2f30b2260f62dc1f4",
                "reference": "8e06ec58c8f52079942c9cb2f30b2260f62dc1f4",
                "shasum": ""
            },
            "require": {
                "php": ">=5.3.0"
            },
            "type": "library",
            "extra": {
                "branch-alias": {
                    "dev-master": "3.2.x-dev"
                }
            },
            "autoload": {
                "files": [
                    "Serialization.php"
                ],
                "psr-4": {
                    "Deserializers\\": "src/Deserializers/",
                    "Serializers\\": "src/Serializers/"
                }
            },
            "notification-url": "https://packagist.org/downloads/",
            "license": [
                "GPL-2.0+"
            ],
            "authors": [
                {
                    "name": "Jeroen De Dauw",
                    "email": "jeroendedauw@gmail.com",
                    "homepage": "http://jeroendedauw.com",
                    "role": "Developer"
                }
            ],
            "description": "Library defining a Serializer and a Deserializer interface and basic utilities",
            "homepage": "https://github.com/wmde/Serialization",
            "keywords": [
                "deserialization",
                "deserializer",
                "serialization",
                "serializer",
                "unserialization",
                "wikidata"
            ],
            "time": "2014-08-19T01:53:31+00:00"
        },
        {
            "name": "symfony/event-dispatcher",
            "version": "v3.2.1",
            "source": {
                "type": "git",
                "url": "https://github.com/symfony/event-dispatcher.git",
                "reference": "e8f47a327c2f0fd5aa04fa60af2b693006ed7283"
            },
            "dist": {
                "type": "zip",
                "url": "https://api.github.com/repos/symfony/event-dispatcher/zipball/e8f47a327c2f0fd5aa04fa60af2b693006ed7283",
                "reference": "e8f47a327c2f0fd5aa04fa60af2b693006ed7283",
                "shasum": ""
            },
            "require": {
                "php": ">=5.5.9"
            },
            "require-dev": {
                "psr/log": "~1.0",
                "symfony/config": "~2.8|~3.0",
                "symfony/dependency-injection": "~2.8|~3.0",
                "symfony/expression-language": "~2.8|~3.0",
                "symfony/stopwatch": "~2.8|~3.0"
            },
            "suggest": {
                "symfony/dependency-injection": "",
                "symfony/http-kernel": ""
            },
            "type": "library",
            "extra": {
                "branch-alias": {
                    "dev-master": "3.2-dev"
                }
            },
            "autoload": {
                "psr-4": {
                    "Symfony\\Component\\EventDispatcher\\": ""
                },
                "exclude-from-classmap": [
                    "/Tests/"
                ]
            },
            "notification-url": "https://packagist.org/downloads/",
            "license": [
                "MIT"
            ],
            "authors": [
                {
                    "name": "Fabien Potencier",
                    "email": "fabien@symfony.com"
                },
                {
                    "name": "Symfony Community",
                    "homepage": "https://symfony.com/contributors"
                }
            ],
            "description": "Symfony EventDispatcher Component",
            "homepage": "https://symfony.com",
            "time": "2016-10-13T06:29:04+00:00"
        },
        {
            "name": "wikibase/data-model",
            "version": "6.3.1",
            "source": {
                "type": "git",
                "url": "https://github.com/wmde/WikibaseDataModel.git",
                "reference": "c16667e30b8c3e98573779b46f7099e55021d5e2"
            },
            "dist": {
                "type": "zip",
                "url": "https://api.github.com/repos/wmde/WikibaseDataModel/zipball/c16667e30b8c3e98573779b46f7099e55021d5e2",
                "reference": "c16667e30b8c3e98573779b46f7099e55021d5e2",
                "shasum": ""
            },
            "require": {
                "data-values/data-values": "~0.1|~1.0",
                "php": ">=5.5.0",
                "wikimedia/assert": "~0.2.2"
            },
            "require-dev": {
                "ockcyp/covers-validator": "~0.4.0",
                "phpmd/phpmd": "~2.3",
                "squizlabs/php_codesniffer": "~2.3"
            },
            "type": "library",
            "extra": {
                "branch-alias": {
                    "dev-master": "6.3.x-dev"
                }
            },
            "autoload": {
                "files": [
                    "WikibaseDataModel.php"
                ],
                "psr-4": {
                    "Wikibase\\DataModel\\": "src/"
                }
            },
            "notification-url": "https://packagist.org/downloads/",
            "license": [
                "GPL-2.0+"
            ],
            "authors": [
                {
                    "name": "Thiemo Mättig"
                },
                {
                    "name": "Jeroen De Dauw",
                    "email": "jeroendedauw@gmail.com",
                    "homepage": "http://jeroendedauw.com"
                }
            ],
            "description": "PHP implementation of the Wikibase DataModel",
            "homepage": "https://github.com/wmde/WikibaseDataModel",
            "keywords": [
                "DataModel",
                "wikibase",
                "wikidata"
            ],
            "time": "2016-11-30T16:04:13+00:00"
        },
        {
            "name": "wikibase/data-model-serialization",
            "version": "2.2.0",
            "source": {
                "type": "git",
                "url": "https://github.com/wmde/WikibaseDataModelSerialization.git",
                "reference": "7d892107536e8499880aa70963841ff002f421bf"
            },
            "dist": {
                "type": "zip",
                "url": "https://api.github.com/repos/wmde/WikibaseDataModelSerialization/zipball/7d892107536e8499880aa70963841ff002f421bf",
                "reference": "7d892107536e8499880aa70963841ff002f421bf",
                "shasum": ""
            },
            "require": {
                "data-values/serialization": "~1.0",
                "php": ">=5.3.0",
                "serialization/serialization": "~3.1",
                "wikibase/data-model": "~6.0|~5.0|~4.2"
            },
            "require-dev": {
                "data-values/geo": "~1.0|~0.1",
                "data-values/number": "~0.2",
                "data-values/time": "~0.2"
            },
            "type": "library",
            "extra": {
                "branch-alias": {
                    "dev-master": "2.2.x-dev"
                }
            },
            "autoload": {
                "psr-4": {
                    "Wikibase\\DataModel\\": "src/"
                },
                "files": [
                    "mediawiki.php"
                ]
            },
            "notification-url": "https://packagist.org/downloads/",
            "license": [
                "GPL-2.0+"
            ],
            "authors": [
                {
                    "name": "Thomas PT",
                    "homepage": "https://github.com/Tpt"
                },
                {
                    "name": "Jeroen De Dauw",
                    "email": "jeroendedauw@gmail.com",
                    "homepage": "http://jeroendedauw.com"
                }
            ],
            "description": "Serializers and deserializers for the Wikibase DataModel",
            "homepage": "https://github.com/wmde/WikibaseDataModelSerialization",
            "keywords": [
                "DataModel",
                "deserializers",
                "serialization",
                "serializers",
                "wikibase",
                "wikidata"
            ],
            "time": "2016-03-11T10:27:31+00:00"
        },
        {
            "name": "wikimedia/assert",
            "version": "v0.2.2",
            "source": {
                "type": "git",
                "url": "https://github.com/wikimedia/Assert.git",
                "reference": "2da55927525975f8d52825fc3ee02e5e36f5036c"
            },
            "dist": {
                "type": "zip",
                "url": "https://api.github.com/repos/wikimedia/Assert/zipball/2da55927525975f8d52825fc3ee02e5e36f5036c",
                "reference": "2da55927525975f8d52825fc3ee02e5e36f5036c",
                "shasum": ""
            },
            "require-dev": {
                "phpunit/phpunit": "3.7.*"
            },
            "type": "library",
            "autoload": {
                "psr-4": {
                    "Wikimedia\\Assert\\": "src/",
                    "Wikimedia\\Assert\\Test\\": "tests/phpunit/"
                }
            },
            "notification-url": "https://packagist.org/downloads/",
            "license": [
                "MIT"
            ],
            "authors": [
                {
                    "name": "Daniel Kinzler"
                }
            ],
            "description": "Provides runtime assertions",
            "homepage": "https://github.com/wmde/Assert",
            "keywords": [
                "assert",
                "assertions",
                "php",
                "postcondition",
                "precondition",
                "qa"
            ],
            "time": "2015-04-29T17:23:50+00:00"
        }
    ],
    "packages-dev": [],
    "aliases": [],
    "minimum-stability": "stable",
    "stability-flags": [],
    "prefer-stable": false,
    "prefer-lowest": false,
    "platform": [],
    "platform-dev": []
}
